
Microsoft Visual Studio Solution File, Format Version 12.00
# Visual Studio Version 17
VisualStudioVersion = 17.14.36310.24 d17.14
MinimumVisualStudioVersion = 10.0.40219.1
Project("{FAE04EC0-301F-11D3-BF4B-00C04F79EFBC}") = "OutlookMailSorter", "OutlookMailSorter.csproj", "{4E58F4AB-F992-432E-82E6-1ADD899E58A7}"
EndProject
Global
	GlobalSection(SolutionConfigurationPlatforms) = preSolution
		Debug|Any CPU = Debug|Any CPU
		Release|Any CPU = Release|Any CPU
	EndGlobalSection
	GlobalSection(ProjectConfigurationPlatforms) = postSolution
		{4E58F4AB-F992-432E-82E6-1ADD899E58A7}.Debug|Any CPU.ActiveCfg = Debug|Any CPU
		{4E58F4AB-F992-432E-82E6-1ADD899E58A7}.Debug|Any CPU.Build.0 = Debug|Any CPU
		{4E58F4AB-F992-432E-82E6-1ADD899E58A7}.Release|Any CPU.ActiveCfg = Release|Any CPU
		{4E58F4AB-F992-432E-82E6-1ADD899E58A7}.Release|Any CPU.Build.0 = Release|Any CPU
	EndGlobalSection
	GlobalSection(SolutionProperties) = preSolution
		HideSolutionNode = FALSE
	EndGlobalSection
	GlobalSection(ExtensibilityGlobals) = postSolution
		SolutionGuid = {293955F6-0E89-422B-81BA-451F078CFC9B}
	EndGlobalSection
EndGlobal
